
Microsoft Visual Studio Solution File, Format Version 12.00
Project("{FAE04EC0-301F-11D3-BF4B-00C04F79EFBC}") = "MacBookFan", "MacBookFan\MacBookFan.csproj", "{72631EB7-0A1D-4A98-8A18-3208AADF2027}"
EndProject
Global
	GlobalSection(SolutionConfigurationPlatforms) = preSolution
		Debug|Any CPU = Debug|Any CPU
		Release|Any CPU = Release|Any CPU
	EndGlobalSection
	GlobalSection(ProjectConfigurationPlatforms) = postSolution
		{72631EB7-0A1D-4A98-8A18-3208AADF2027}.Debug|Any CPU.ActiveCfg = Debug|Any CPU
		{72631EB7-0A1D-4A98-8A18-3208AADF2027}.Debug|Any CPU.Build.0 = Debug|Any CPU
		{72631EB7-0A1D-4A98-8A18-3208AADF2027}.Release|Any CPU.ActiveCfg = Release|Any CPU
		{72631EB7-0A1D-4A98-8A18-3208AADF2027}.Release|Any CPU.Build.0 = Release|Any CPU
	EndGlobalSection
EndGlobal
